
Microsoft Visual Studio Solution File, Format Version 12.00
# Visual Studio Version 16
VisualStudioVersion = 16.0.29409.12
MinimumVisualStudioVersion = 10.0.40219.1
Project("{9A19103F-16F7-4668-BE54-9A1E7A4F7556}") = "listKeys", "listKeys.csproj", "{D91BBA26-5F75-4606-B049-BA7D3B13D7A8}"
EndProject
Global
	GlobalSection(SolutionConfigurationPlatforms) = preSolution
		Debug|Any CPU = Debug|Any CPU
		Release|Any CPU = Release|Any CPU
	EndGlobalSection
	GlobalSection(ProjectConfigurationPlatforms) = postSolution
		{D91BBA26-5F75-4606-B049-BA7D3B13D7A8}.Debug|Any CPU.ActiveCfg = Debug|Any CPU
		{D91BBA26-5F75-4606-B049-BA7D3B13D7A8}.Debug|Any CPU.Build.0 = Debug|Any CPU
		{D91BBA26-5F75-4606-B049-BA7D3B13D7A8}.Release|Any CPU.ActiveCfg = Release|Any CPU
		{D91BBA26-5F75-4606-B049-BA7D3B13D7A8}.Release|Any CPU.Build.0 = Release|Any CPU
	EndGlobalSection
	GlobalSection(SolutionProperties) = preSolution
		HideSolutionNode = FALSE
	EndGlobalSection
	GlobalSection(ExtensibilityGlobals) = postSolution
		SolutionGuid = {349EB2F3-AAFA-42B8-9952-DC0F6963F84F}
	EndGlobalSection
EndGlobal
