
Microsoft Visual Studio Solution File, Format Version 12.00
# Visual Studio Version 16
VisualStudioVersion = 16.0.29409.12
MinimumVisualStudioVersion = 10.0.40219.1
Project("{9A19103F-16F7-4668-BE54-9A1E7A4F7556}") = "blobStorage", "blobStorage.csproj", "{F486D3CB-5C5A-4490-94FC-147A66C29F16}"
EndProject
Global
	GlobalSection(SolutionConfigurationPlatforms) = preSolution
		Debug|Any CPU = Debug|Any CPU
		Release|Any CPU = Release|Any CPU
	EndGlobalSection
	GlobalSection(ProjectConfigurationPlatforms) = postSolution
		{F486D3CB-5C5A-4490-94FC-147A66C29F16}.Debug|Any CPU.ActiveCfg = Debug|Any CPU
		{F486D3CB-5C5A-4490-94FC-147A66C29F16}.Debug|Any CPU.Build.0 = Debug|Any CPU
		{F486D3CB-5C5A-4490-94FC-147A66C29F16}.Release|Any CPU.ActiveCfg = Release|Any CPU
		{F486D3CB-5C5A-4490-94FC-147A66C29F16}.Release|Any CPU.Build.0 = Release|Any CPU
	EndGlobalSection
	GlobalSection(SolutionProperties) = preSolution
		HideSolutionNode = FALSE
	EndGlobalSection
	GlobalSection(ExtensibilityGlobals) = postSolution
		SolutionGuid = {62C4ED13-6AA4-4682-BC8E-39B4C595D5C8}
	EndGlobalSection
EndGlobal
